
Microsoft Visual Studio Solution File, Format Version 12.00
# Visual Studio Version 17
VisualStudioVersion = 17.2.32516.85
MinimumVisualStudioVersion = 10.0.40219.1
Project("{FAE04EC0-301F-11D3-BF4B-00C04F79EFBC}") = "PhaseOneCodingChallenge", "PhaseOneCodingChallenge\PhaseOneCodingChallenge.csproj", "{DCAAA6D1-EBE6-4B08-97DC-81C58EE4CF16}"
EndProject
Global
	GlobalSection(SolutionConfigurationPlatforms) = preSolution
		Debug|Any CPU = Debug|Any CPU
		Release|Any CPU = Release|Any CPU
	EndGlobalSection
	GlobalSection(ProjectConfigurationPlatforms) = postSolution
		{DCAAA6D1-EBE6-4B08-97DC-81C58EE4CF16}.Debug|Any CPU.ActiveCfg = Debug|Any CPU
		{DCAAA6D1-EBE6-4B08-97DC-81C58EE4CF16}.Debug|Any CPU.Build.0 = Debug|Any CPU
		{DCAAA6D1-EBE6-4B08-97DC-81C58EE4CF16}.Release|Any CPU.ActiveCfg = Release|Any CPU
		{DCAAA6D1-EBE6-4B08-97DC-81C58EE4CF16}.Release|Any CPU.Build.0 = Release|Any CPU
	EndGlobalSection
	GlobalSection(SolutionProperties) = preSolution
		HideSolutionNode = FALSE
	EndGlobalSection
	GlobalSection(ExtensibilityGlobals) = postSolution
		SolutionGuid = {21F3B201-12B2-4F5B-B0EE-E73B86B7FE40}
	EndGlobalSection
EndGlobal
